
Microsoft Visual Studio Solution File, Format Version 12.00
# Visual Studio Version 17
VisualStudioVersion = 17.4.33213.308
MinimumVisualStudioVersion = 10.0.40219.1
Project("{F184B08F-C81C-45F6-A57F-5ABD9991F28F}") = "EnglishWordsApp2", "EnglishWordsApp2\EnglishWordsApp2.vbproj", "{A3DF5007-0906-4B5E-B795-7164419E9060}"
EndProject
Global
	GlobalSection(SolutionConfigurationPlatforms) = preSolution
		Debug|Any CPU = Debug|Any CPU
		Release|Any CPU = Release|Any CPU
	EndGlobalSection
	GlobalSection(ProjectConfigurationPlatforms) = postSolution
		{A3DF5007-0906-4B5E-B795-7164419E9060}.Debug|Any CPU.ActiveCfg = Debug|Any CPU
		{A3DF5007-0906-4B5E-B795-7164419E9060}.Debug|Any CPU.Build.0 = Debug|Any CPU
		{A3DF5007-0906-4B5E-B795-7164419E9060}.Release|Any CPU.ActiveCfg = Release|Any CPU
		{A3DF5007-0906-4B5E-B795-7164419E9060}.Release|Any CPU.Build.0 = Release|Any CPU
	EndGlobalSection
	GlobalSection(SolutionProperties) = preSolution
		HideSolutionNode = FALSE
	EndGlobalSection
	GlobalSection(ExtensibilityGlobals) = postSolution
		SolutionGuid = {3A791288-D828-4333-A17E-6F90DE1DF102}
	EndGlobalSection
EndGlobal
